<?xml version="1.0" encoding="utf-8"?>
<Project ToolsVersion="4.0" xmlns="http://schemas.microsoft.com/developer/msbuild/2003">
  <ItemGroup>
    <Filter Include="Core">
      <UniqueIdentifier>{c4fa04ef-fd30-4b05-8427-9899d7a80963}</UniqueIdentifier>
    </Filter>
    <Filter Include="Rendering">
      <UniqueIdentifier>{3e6a1c82-f6c1-4298-9150-5d7aadfd6195}</UniqueIdentifier>
    </Filter>
    <Filter Include="Scene">
      <UniqueIdentifier>{0c095dd8-7cef-40c3-b67d-f19f21a90280}</UniqueIdentifier>
    </Filter>
    <Filter Include="Core\Misc">
      <UniqueIdentifier>{a5d48b8a-dc67-4dcf-93d8-9c15230f2d2b}</UniqueIdentifier>
    </Filter>
    <Filter Include="Core\Platform">
      <UniqueIdentifier>{e97763b0-8033-45ca-92b5-a698b891aa40}</UniqueIdentifier>
    </Filter>
    <Filter Include="Core\Platform\WindowsPC">
      <UniqueIdentifier>{07044362-76e6-403b-9ef8-b77f2a1f5804}</UniqueIdentifier>
    </Filter>
    <Filter Include="Core\Platform\WindowsPC\System">
      <UniqueIdentifier>{b4e7d638-200b-43ea-a793-c858ed17c981}</UniqueIdentifier>
    </Filter>
    <Filter Include="Core\System">
      <UniqueIdentifier>{b0b60839-4a7a-4cad-90b4-4bd73466c38b}</UniqueIdentifier>
    </Filter>
    <Filter Include="Rendering\DirectX">
      <UniqueIdentifier>{119bf7c1-797a-419e-9cca-e8b3e60d945d}</UniqueIdentifier>
    </Filter>
    <Filter Include="Rendering\Effects">
      <UniqueIdentifier>{0f36819e-99cc-4842-a102-86c8e0091619}</UniqueIdentifier>
    </Filter>
    <Filter Include="Rendering\DirectX\Effects">
      <UniqueIdentifier>{b68f391a-9abb-4e85-b9a1-3906a7f706bb}</UniqueIdentifier>
    </Filter>
    <Filter Include="Rendering\Media">
      <UniqueIdentifier>{5372351c-200e-4eea-bf2b-81b976904b4f}</UniqueIdentifier>
    </Filter>
    <Filter Include="Rendering\Media\Textures">
      <UniqueIdentifier>{f8f655e4-429f-4f51-90ea-87afe73a0bad}</UniqueIdentifier>
    </Filter>
    <Filter Include="Rendering\Media\Shaders">
      <UniqueIdentifier>{9ada47b9-7d8c-44cf-bff8-25a58335a4ac}</UniqueIdentifier>
    </Filter>
    <Filter Include="Rendering\Shaders">
      <UniqueIdentifier>{b60cedb2-8b7f-499e-9b01-3f3145b313f4}</UniqueIdentifier>
    </Filter>
    <Filter Include="Rendering\Misc">
      <UniqueIdentifier>{7082bf61-afef-4541-be57-fdb9ef51463f}</UniqueIdentifier>
    </Filter>
    <Filter Include="Rendering\Shaders\Filament">
      <UniqueIdentifier>{3c1b47cb-3803-418e-9481-942f7ae911f5}</UniqueIdentifier>
    </Filter>
    <Filter Include="Rendering\Shaders\Materials">
      <UniqueIdentifier>{51344f60-f68b-4fd1-9e17-9488713908be}</UniqueIdentifier>
    </Filter>
    <Filter Include="Rendering\Shaders\Lighting">
      <UniqueIdentifier>{d09f802f-303f-46fe-b023-20812558eee7}</UniqueIdentifier>
    </Filter>
  </ItemGroup>
  <ItemGroup>
    <ClCompile Include="..\..\Source\Core\vaCore.cpp">
      <Filter>Core</Filter>
    </ClCompile>
    <ClCompile Include="..\..\Source\Core\vaGeometry.cpp">
      <Filter>Core</Filter>
    </ClCompile>
    <ClCompile Include="..\..\Source\Core\vaMemory.cpp">
      <Filter>Core</Filter>
    </ClCompile>
    <ClCompile Include="..\..\Source\Core\vaStringTools.cpp">
      <Filter>Core</Filter>
    </ClCompile>
    <ClCompile Include="..\..\Source\Core\Platform\WindowsPC\vaPlatformBase.cpp">
      <Filter>Core\Platform\WindowsPC</Filter>
    </ClCompile>
    <ClCompile Include="..\..\Source\Core\Platform\WindowsPC\vaPlatformStringTools.cpp">
      <Filter>Core\Platform\WindowsPC</Filter>
    </ClCompile>
    <ClCompile Include="..\..\Source\Core\Platform\WindowsPC\System\vaPlatformFileStream.cpp">
      <Filter>Core\Platform\WindowsPC\System</Filter>
    </ClCompile>
    <ClCompile Include="..\..\Source\Core\Platform\WindowsPC\System\vaPlatformFileTools.cpp">
      <Filter>Core\Platform\WindowsPC\System</Filter>
    </ClCompile>
    <ClCompile Include="..\..\Source\Core\Platform\WindowsPC\System\vaPlatformSocket.cpp">
      <Filter>Core\Platform\WindowsPC\System</Filter>
    </ClCompile>
    <ClCompile Include="..\..\Source\Core\System\vaFileTools.cpp">
      <Filter>Core\System</Filter>
    </ClCompile>
    <ClCompile Include="..\..\Source\Core\System\vaMemoryStream.cpp">
      <Filter>Core\System</Filter>
    </ClCompile>
    <ClCompile Include="..\..\Source\Rendering\vaRendering.cpp">
      <Filter>Rendering</Filter>
    </ClCompile>
    <ClCompile Include="..\..\Source\Rendering\Effects\vaSky.cpp">
      <Filter>Rendering\Effects</Filter>
    </ClCompile>
    <ClCompile Include="..\..\Source\Scene\vaCameraBase.cpp">
      <Filter>Scene</Filter>
    </ClCompile>
    <ClCompile Include="..\..\Source\Scene\vaCameraControllers.cpp">
      <Filter>Scene</Filter>
    </ClCompile>
    <ClCompile Include="..\..\Source\Rendering\vaTexture.cpp">
      <Filter>Rendering</Filter>
    </ClCompile>
    <ClCompile Include="..\..\Source\Rendering\vaStandardShapes.cpp">
      <Filter>Rendering</Filter>
    </ClCompile>
    <ClCompile Include="..\..\Source\Rendering\Effects\vaSimpleParticles.cpp">
      <Filter>Rendering\Effects</Filter>
    </ClCompile>
    <ClCompile Include="..\..\Source\Rendering\vaGPUTimer.cpp">
      <Filter>Rendering</Filter>
    </ClCompile>
    <ClCompile Include="..\..\Source\Core\Misc\vaBenchmarkTool.cpp">
      <Filter>Core\Misc</Filter>
    </ClCompile>
    <ClCompile Include="..\..\Source\Rendering\vaRenderMesh.cpp">
      <Filter>Rendering</Filter>
    </ClCompile>
    <ClCompile Include="..\..\Source\Rendering\vaGBuffer.cpp">
      <Filter>Rendering</Filter>
    </ClCompile>
    <ClCompile Include="..\..\Source\Rendering\vaRenderDeviceContext.cpp">
      <Filter>Rendering</Filter>
    </ClCompile>
    <ClCompile Include="..\..\Source\Rendering\vaAssetPack.cpp">
      <Filter>Rendering</Filter>
    </ClCompile>
    <ClCompile Include="..\..\Source\Rendering\vaRenderDevice.cpp">
      <Filter>Rendering</Filter>
    </ClCompile>
    <ClCompile Include="..\..\Source\Core\vaLog.cpp">
      <Filter>Core</Filter>
    </ClCompile>
    <ClCompile Include="..\..\Source\Scene\vaAssetImporter.cpp">
      <Filter>Scene</Filter>
    </ClCompile>
    <ClCompile Include="..\..\Source\Core\vaUIDObject.cpp">
      <Filter>Core</Filter>
    </ClCompile>
    <ClCompile Include="..\..\Source\Rendering\vaRenderMaterial.cpp">
      <Filter>Rendering</Filter>
    </ClCompile>
    <ClCompile Include="..\..\Source\Scene\vaAssetImporter_Assimp.cpp">
      <Filter>Scene</Filter>
    </ClCompile>
    <ClCompile Include="..\..\Source\Rendering\DirectX\vaDirectXRecOMatic.cpp">
      <Filter>Rendering\DirectX</Filter>
    </ClCompile>
    <ClCompile Include="..\..\Source\Rendering\DirectX\vaDirectXTools.cpp">
      <Filter>Rendering\DirectX</Filter>
    </ClCompile>
    <ClCompile Include="..\..\Source\Core\Platform\WindowsPC\vaInputKeyboard.cpp">
      <Filter>Core\Platform\WindowsPC</Filter>
    </ClCompile>
    <ClCompile Include="..\..\Source\Core\Platform\WindowsPC\vaInputMouse.cpp">
      <Filter>Core\Platform\WindowsPC</Filter>
    </ClCompile>
    <ClCompile Include="..\..\Source\Core\vaApplicationBase.cpp">
      <Filter>Core</Filter>
    </ClCompile>
    <ClCompile Include="..\..\Source\Rendering\Effects\vaPostProcess.cpp">
      <Filter>Rendering\Effects</Filter>
    </ClCompile>
    <ClCompile Include="..\..\Source\Rendering\Effects\vaPostProcessTonemap.cpp">
      <Filter>Rendering\Effects</Filter>
    </ClCompile>
    <ClCompile Include="..\..\Source\Rendering\Effects\vaPostProcessBlur.cpp">
      <Filter>Rendering\Effects</Filter>
    </ClCompile>
    <ClCompile Include="..\..\Source\Core\Misc\vaPoissonDiskGenerator.cpp">
      <Filter>Core\Misc</Filter>
    </ClCompile>
    <ClCompile Include="..\..\Source\Rendering\Effects\vaSkybox.cpp">
      <Filter>Rendering\Effects</Filter>
    </ClCompile>
    <ClCompile Include="..\..\Source\Core\Misc\vaLargeBitmapFile.cpp">
      <Filter>Core\Misc</Filter>
    </ClCompile>
    <ClCompile Include="..\..\Source\Rendering\vaTextureHelpers.cpp">
      <Filter>Rendering</Filter>
    </ClCompile>
    <ClCompile Include="..\..\Source\Core\Misc\vaPropertyContainer.cpp">
      <Filter>Core\Misc</Filter>
    </ClCompile>
    <ClCompile Include="..\..\Source\Rendering\vaRenderBuffers.cpp">
      <Filter>Rendering</Filter>
    </ClCompile>
    <ClCompile Include="..\..\Source\Rendering\Misc\vaZoomTool.cpp">
      <Filter>Rendering\Misc</Filter>
    </ClCompile>
    <ClCompile Include="..\..\Source\Rendering\vaShader.cpp">
      <Filter>Rendering</Filter>
    </ClCompile>
    <ClCompile Include="..\..\Source\Core\System\vaCompressionStream.cpp">
      <Filter>Core\System</Filter>
    </ClCompile>
    <ClCompile Include="..\..\Source\Rendering\Misc\vaTextureReductionTestTool.cpp">
      <Filter>Rendering\Misc</Filter>
    </ClCompile>
    <ClCompile Include="..\..\Source\Rendering\Misc\vaImageCompareTool.cpp">
      <Filter>Rendering\Misc</Filter>
    </ClCompile>
    <ClCompile Include="..\..\Source\Core\vaEvent.cpp">
      <Filter>Core</Filter>
    </ClCompile>
    <ClCompile Include="..\..\Source\Core\Platform\WindowsPC\vaApplicationWin.cpp">
      <Filter>Core\Platform\WindowsPC</Filter>
    </ClCompile>
    <ClCompile Include="..\..\Source\Rendering\DirectX\vaRenderDeviceDX12.cpp">
      <Filter>Rendering\DirectX</Filter>
    </ClCompile>
    <ClCompile Include="..\..\Source\Core\Misc\vaResourceFormats.cpp">
      <Filter>Core\Misc</Filter>
    </ClCompile>
    <ClCompile Include="..\..\Source\Rendering\vaDebugCanvas.cpp">
      <Filter>Rendering</Filter>
    </ClCompile>
    <ClCompile Include="..\..\Source\Core\System\vaThreading.cpp">
      <Filter>Core\System</Filter>
    </ClCompile>
    <ClCompile Include="..\..\Source\Core\Platform\WindowsPC\System\vaPlatformThreading.cpp">
      <Filter>Core\Platform\WindowsPC\System</Filter>
    </ClCompile>
    <ClCompile Include="..\..\Source\Rendering\DirectX\vaRenderDeviceContextDX12.cpp">
      <Filter>Rendering\DirectX</Filter>
    </ClCompile>
    <ClCompile Include="..\..\Source\Rendering\DirectX\vaShaderDX12.cpp">
      <Filter>Rendering\DirectX</Filter>
    </ClCompile>
    <ClCompile Include="..\..\Source\Rendering\DirectX\vaRenderBuffersDX12.cpp">
      <Filter>Rendering\DirectX</Filter>
    </ClCompile>
    <ClCompile Include="..\..\Source\Rendering\DirectX\vaTextureDX12.cpp">
      <Filter>Rendering\DirectX</Filter>
    </ClCompile>
    <ClCompile Include="..\..\Source\Rendering\vaRenderGlobals.cpp">
      <Filter>Rendering</Filter>
    </ClCompile>
    <ClCompile Include="..\..\Source\Rendering\DirectX\vaRenderMeshDX12.cpp">
      <Filter>Rendering\DirectX</Filter>
    </ClCompile>
    <ClCompile Include="..\..\Source\Rendering\DirectX\vaPrimitiveShapeRendererDX.cpp">
      <Filter>Rendering\DirectX</Filter>
    </ClCompile>
    <ClCompile Include="..\..\Source\Rendering\DirectX\vaGBufferDX.cpp">
      <Filter>Rendering\DirectX</Filter>
    </ClCompile>
    <ClCompile Include="..\..\Source\Rendering\DirectX\vaGPUTimerDX12.cpp">
      <Filter>Rendering\DirectX</Filter>
    </ClCompile>
    <ClCompile Include="..\..\Source\Core\vaUI.cpp">
      <Filter>Core</Filter>
    </ClCompile>
    <ClCompile Include="..\..\Source\Core\Misc\xxhash.c">
      <Filter>Core\Misc</Filter>
    </ClCompile>
    <ClCompile Include="..\..\Source\Core\Misc\vaXXHash.cpp">
      <Filter>Core\Misc</Filter>
    </ClCompile>
    <ClCompile Include="..\..\Source\Rendering\Effects\vaASSAOLite.cpp">
      <Filter>Rendering\Effects</Filter>
    </ClCompile>
    <ClCompile Include="..\..\Source\Rendering\Effects\vaCMAA2.cpp">
      <Filter>Rendering\Effects</Filter>
    </ClCompile>
    <ClCompile Include="..\..\Source\Rendering\Effects\vaCMAA2DX12.cpp">
      <Filter>Rendering\Effects</Filter>
    </ClCompile>
    <ClCompile Include="..\..\Source\Rendering\Effects\vaDepthOfField.cpp">
      <Filter>Rendering\Effects</Filter>
    </ClCompile>
    <ClCompile Include="..\..\Source\Core\Misc\vaMiniScript.cpp">
      <Filter>Core\Misc</Filter>
    </ClCompile>
    <ClCompile Include="..\..\Source\Rendering\vaRenderCamera.cpp">
      <Filter>Rendering</Filter>
    </ClCompile>
    <ClCompile Include="..\..\Source\Rendering\vaIBL.cpp">
      <Filter>Rendering</Filter>
    </ClCompile>
    <ClCompile Include="..\..\Source\Core\vaMath.cpp">
      <Filter>Core</Filter>
    </ClCompile>
    <ClCompile Include="..\..\Source\Rendering\vaSceneRenderer.cpp">
      <Filter>Rendering</Filter>
    </ClCompile>
    <ClCompile Include="..\..\Source\Rendering\vaSceneRenderViews.cpp">
      <Filter>Rendering</Filter>
    </ClCompile>
    <ClCompile Include="..\..\Source\Scene\vaScene.cpp">
      <Filter>Scene</Filter>
    </ClCompile>
    <ClCompile Include="..\..\Source\Scene\vaSceneComponents.cpp">
      <Filter>Scene</Filter>
    </ClCompile>
    <ClCompile Include="..\..\Source\Scene\vaSceneSystems.cpp">
      <Filter>Scene</Filter>
    </ClCompile>
    <ClCompile Include="..\..\Source\Scene\vaSceneComponentsIO.cpp">
      <Filter>Scene</Filter>
    </ClCompile>
    <ClCompile Include="..\..\Source\Scene\vaSceneComponentsUI.cpp">
      <Filter>Scene</Filter>
    </ClCompile>
    <ClCompile Include="..\..\Source\Core\Misc\simplexnoise1234.c">
      <Filter>Core\Misc</Filter>
    </ClCompile>
    <ClCompile Include="..\..\Source\Core\vaProfiler.cpp">
      <Filter>Core</Filter>
    </ClCompile>
    <ClCompile Include="..\..\Source\Core\vaConcurrency.cpp">
      <Filter>Core</Filter>
    </ClCompile>
    <ClCompile Include="..\..\Source\Scene\vaSceneComponentCore.cpp">
      <Filter>Scene</Filter>
    </ClCompile>
    <ClCompile Include="..\..\Source\Core\vaSerializer.cpp">
      <Filter>Core</Filter>
    </ClCompile>
    <ClCompile Include="..\..\Source\Rendering\vaSceneRaytracing.cpp">
      <Filter>Rendering</Filter>
    </ClCompile>
    <ClCompile Include="..\..\Source\Rendering\DirectX\vaSceneRaytracingDX12.cpp">
      <Filter>Rendering\DirectX</Filter>
    </ClCompile>
    <ClCompile Include="..\..\Source\Rendering\DirectX\vaSceneLightingDX12.cpp">
      <Filter>Rendering\DirectX</Filter>
    </ClCompile>
    <ClCompile Include="..\..\Source\Rendering\vaSceneLighting.cpp">
      <Filter>Rendering</Filter>
    </ClCompile>
    <ClCompile Include="..\..\Source\Rendering\vaRenderInstanceList.cpp">
      <Filter>Rendering</Filter>
    </ClCompile>
    <ClCompile Include="..\..\Source\Rendering\vaSceneRenderInstanceProcessor.cpp">
      <Filter>Rendering</Filter>
    </ClCompile>
    <ClCompile Include="..\..\Source\Rendering\DirectX\vaRenderMaterialDX12.cpp">
      <Filter>Rendering\DirectX</Filter>
    </ClCompile>
    <ClCompile Include="..\..\Source\Rendering\vaPathTracer.cpp">
      <Filter>Rendering</Filter>
    </ClCompile>
    <ClCompile Include="..\..\Source\Rendering\Effects\vaGTAO.cpp">
      <Filter>Rendering\Effects</Filter>
    </ClCompile>
    <ClCompile Include="..\..\Source\Rendering\Effects\vaTAA.cpp">
      <Filter>Rendering\Effects</Filter>
    </ClCompile>
    <ClCompile Include="..\..\Source\Core\Platform\WindowsPC\vaSplashScreen.cpp">
      <Filter>Core\Platform\WindowsPC</Filter>
    </ClCompile>
    <ClCompile Include="..\..\Source\Scene\vaSceneAsync.cpp">
      <Filter>Scene</Filter>
    </ClCompile>
    <ClCompile Include="..\..\Source\Scene\vaAssetImporter_cgltf.cpp">
      <Filter>Scene</Filter>
    </ClCompile>
    <ClCompile Include="..\..\Source\Rendering\vaGPUSort.cpp">
      <Filter>Rendering</Filter>
    </ClCompile>
    <ClCompile Include="..\..\Source\Rendering\vaSceneMainRenderView.cpp">
      <Filter>Rendering</Filter>
    </ClCompile>
    <ClCompile Include="..\..\Source\Rendering\vaPathTracerDenoisers.cpp">
      <Filter>Rendering</Filter>
    </ClCompile>
  </ItemGroup>
  <ItemGroup>
    <ClInclude Include="..\..\Source\Core\vaCore.h">
      <Filter>Core</Filter>
    </ClInclude>
    <ClInclude Include="..\..\Source\Core\vaCoreIncludes.h">
      <Filter>Core</Filter>
    </ClInclude>
    <ClInclude Include="..\..\Source\Core\vaCoreTypes.h">
      <Filter>Core</Filter>
    </ClInclude>
    <ClInclude Include="..\..\Source\Core\vaGeometry.h">
      <Filter>Core</Filter>
    </ClInclude>
    <ClInclude Include="..\..\Source\Core\vaInput.h">
      <Filter>Core</Filter>
    </ClInclude>
    <ClInclude Include="..\..\Source\Core\vaMath.h">
      <Filter>Core</Filter>
    </ClInclude>
    <ClInclude Include="..\..\Source\Core\vaMemory.h">
      <Filter>Core</Filter>
    </ClInclude>
    <ClInclude Include="..\..\Source\Core\vaRandom.h">
      <Filter>Core</Filter>
    </ClInclude>
    <ClInclude Include="..\..\Source\Core\vaSingleton.h">
      <Filter>Core</Filter>
    </ClInclude>
    <ClInclude Include="..\..\Source\Core\vaSTL.h">
      <Filter>Core</Filter>
    </ClInclude>
    <ClInclude Include="..\..\Source\Core\vaStringTools.h">
      <Filter>Core</Filter>
    </ClInclude>
    <ClInclude Include="..\..\Source\Core\Platform\WindowsPC\vaPlatformBase.h">
      <Filter>Core\Platform\WindowsPC</Filter>
    </ClInclude>
    <ClInclude Include="..\..\Source\Core\Platform\WindowsPC\System\vaPlatformFileStream.h">
      <Filter>Core\Platform\WindowsPC\System</Filter>
    </ClInclude>
    <ClInclude Include="..\..\Source\Core\Platform\WindowsPC\System\vaPlatformSocket.h">
      <Filter>Core\Platform\WindowsPC\System</Filter>
    </ClInclude>
    <ClInclude Include="..\..\Source\Core\Platform\WindowsPC\System\vaPlatformSystemTimer.h">
      <Filter>Core\Platform\WindowsPC\System</Filter>
    </ClInclude>
    <ClInclude Include="..\..\Source\Core\System\vaFileStream.h">
      <Filter>Core\System</Filter>
    </ClInclude>
    <ClInclude Include="..\..\Source\Core\System\vaFileTools.h">
      <Filter>Core\System</Filter>
    </ClInclude>
    <ClInclude Include="..\..\Source\Core\System\vaMemoryStream.h">
      <Filter>Core\System</Filter>
    </ClInclude>
    <ClInclude Include="..\..\Source\Core\System\vaSocket.h">
      <Filter>Core\System</Filter>
    </ClInclude>
    <ClInclude Include="..\..\Source\Core\System\vaStream.h">
      <Filter>Core\System</Filter>
    </ClInclude>
    <ClInclude Include="..\..\Source\Core\System\vaSystemTimer.h">
      <Filter>Core\System</Filter>
    </ClInclude>
    <ClInclude Include="..\..\Source\Rendering\vaRendering.h">
      <Filter>Rendering</Filter>
    </ClInclude>
    <ClInclude Include="..\..\Source\Rendering\vaRenderingIncludes.h">
      <Filter>Rendering</Filter>
    </ClInclude>
    <ClInclude Include="..\..\Source\Rendering\vaTriangleMesh.h">
      <Filter>Rendering</Filter>
    </ClInclude>
    <ClInclude Include="..\..\Source\Rendering\Effects\vaSky.h">
      <Filter>Rendering\Effects</Filter>
    </ClInclude>
    <ClInclude Include="..\..\Source\Scene\vaCameraBase.h">
      <Filter>Scene</Filter>
    </ClInclude>
    <ClInclude Include="..\..\Source\Scene\vaCameraControllers.h">
      <Filter>Scene</Filter>
    </ClInclude>
    <ClInclude Include="..\..\Source\Rendering\vaTexture.h">
      <Filter>Rendering</Filter>
    </ClInclude>
    <ClInclude Include="..\..\Source\Rendering\vaStandardShapes.h">
      <Filter>Rendering</Filter>
    </ClInclude>
    <ClInclude Include="..\..\Source\Rendering\Effects\vaSimpleParticles.h">
      <Filter>Rendering\Effects</Filter>
    </ClInclude>
    <ClInclude Include="..\..\Source\Rendering\vaDebugCanvas.h">
      <Filter>Rendering</Filter>
    </ClInclude>
    <ClInclude Include="..\..\Source\Rendering\vaRenderDevice.h">
      <Filter>Rendering</Filter>
    </ClInclude>
    <ClInclude Include="..\..\Source\Rendering\vaCanvasImpl.h">
      <Filter>Rendering</Filter>
    </ClInclude>
    <ClInclude Include="..\..\Source\Rendering\vaGPUTimer.h">
      <Filter>Rendering</Filter>
    </ClInclude>
    <ClInclude Include="..\..\Source\Core\Misc\vaBenchmarkTool.h">
      <Filter>Core\Misc</Filter>
    </ClInclude>
    <ClInclude Include="..\..\Source\Rendering\vaRenderMesh.h">
      <Filter>Rendering</Filter>
    </ClInclude>
    <ClInclude Include="..\..\Source\Rendering\vaGBuffer.h">
      <Filter>Rendering</Filter>
    </ClInclude>
    <ClInclude Include="..\..\Source\Rendering\vaRenderDeviceContext.h">
      <Filter>Rendering</Filter>
    </ClInclude>
    <ClInclude Include="..\..\Source\Rendering\vaAssetPack.h">
      <Filter>Rendering</Filter>
    </ClInclude>
    <ClInclude Include="..\..\Source\Core\vaLog.h">
      <Filter>Core</Filter>
    </ClInclude>
    <ClInclude Include="..\..\Source\Scene\vaAssetImporter.h">
      <Filter>Scene</Filter>
    </ClInclude>
    <ClInclude Include="..\..\Source\Core\vaUIDObject.h">
      <Filter>Core</Filter>
    </ClInclude>
    <ClInclude Include="..\..\Source\Rendering\vaRenderMaterial.h">
      <Filter>Rendering</Filter>
    </ClInclude>
    <ClInclude Include="..\..\Source\Rendering\DirectX\vaDirectXIncludes.h">
      <Filter>Rendering\DirectX</Filter>
    </ClInclude>
    <ClInclude Include="..\..\Source\Rendering\DirectX\vaDirectXRecOMatic.h">
      <Filter>Rendering\DirectX</Filter>
    </ClInclude>
    <ClInclude Include="..\..\Source\Rendering\DirectX\vaDirectXTools.h">
      <Filter>Rendering\DirectX</Filter>
    </ClInclude>
    <ClInclude Include="..\..\Source\vaConfig.h" />
    <ClInclude Include="..\..\Source\Core\Platform\WindowsPC\vaInputKeyboard.h">
      <Filter>Core\Platform\WindowsPC</Filter>
    </ClInclude>
    <ClInclude Include="..\..\Source\Core\Platform\WindowsPC\vaInputMouse.h">
      <Filter>Core\Platform\WindowsPC</Filter>
    </ClInclude>
    <ClInclude Include="..\..\Source\Core\vaApplicationBase.h">
      <Filter>Core</Filter>
    </ClInclude>
    <ClInclude Include="..\..\Source\Rendering\Effects\vaPostProcess.h">
      <Filter>Rendering\Effects</Filter>
    </ClInclude>
    <ClInclude Include="..\..\Source\Rendering\Effects\vaPostProcessTonemap.h">
      <Filter>Rendering\Effects</Filter>
    </ClInclude>
    <ClInclude Include="..\..\Source\Rendering\Effects\vaPostProcessBlur.h">
      <Filter>Rendering\Effects</Filter>
    </ClInclude>
    <ClInclude Include="..\..\Source\Core\Misc\vaPoissonDiskGenerator.h">
      <Filter>Core\Misc</Filter>
    </ClInclude>
    <ClInclude Include="..\..\Source\Rendering\Effects\vaSkybox.h">
      <Filter>Rendering\Effects</Filter>
    </ClInclude>
    <ClInclude Include="..\..\Source\Core\Misc\vaLargeBitmapFile.h">
      <Filter>Core\Misc</Filter>
    </ClInclude>
    <ClInclude Include="..\..\Source\Rendering\vaTextureHelpers.h">
      <Filter>Rendering</Filter>
    </ClInclude>
    <ClInclude Include="..\..\Source\Rendering\Shaders\vaShaderCore.h">
      <Filter>Rendering\Shaders</Filter>
    </ClInclude>
    <ClInclude Include="..\..\Source\Rendering\Shaders\vaSharedTypes.h">
      <Filter>Rendering\Shaders</Filter>
    </ClInclude>
    <ClInclude Include="..\..\Source\Core\Misc\vaPropertyContainer.h">
      <Filter>Core\Misc</Filter>
    </ClInclude>
    <ClInclude Include="..\..\Source\Rendering\vaRenderBuffers.h">
      <Filter>Rendering</Filter>
    </ClInclude>
    <ClInclude Include="..\..\Source\Rendering\Misc\vaZoomTool.h">
      <Filter>Rendering\Misc</Filter>
    </ClInclude>
    <ClInclude Include="..\..\Source\Rendering\vaShader.h">
      <Filter>Rendering</Filter>
    </ClInclude>
    <ClInclude Include="..\..\Source\Core\vaXMLSerialization.h">
      <Filter>Core</Filter>
    </ClInclude>
    <ClInclude Include="..\..\Source\Core\System\vaCompressionStream.h">
      <Filter>Core\System</Filter>
    </ClInclude>
    <ClInclude Include="..\..\Source\Rendering\Misc\vaTextureReductionTestTool.h">
      <Filter>Rendering\Misc</Filter>
    </ClInclude>
    <ClInclude Include="..\..\Source\Rendering\Misc\vaImageCompareTool.h">
      <Filter>Rendering\Misc</Filter>
    </ClInclude>
    <ClInclude Include="..\..\Source\Core\vaEvent.h">
      <Filter>Core</Filter>
    </ClInclude>
    <ClInclude Include="..\..\Source\Core\Platform\WindowsPC\vaApplicationWin.h">
      <Filter>Core\Platform\WindowsPC</Filter>
    </ClInclude>
    <ClInclude Include="..\..\Source\Rendering\DirectX\vaRenderDeviceDX12.h">
      <Filter>Rendering\DirectX</Filter>
    </ClInclude>
    <ClInclude Include="..\..\Source\Core\Misc\vaResourceFormats.h">
      <Filter>Core\Misc</Filter>
    </ClInclude>
    <ClInclude Include="..\..\Source\Core\System\vaThreading.h">
      <Filter>Core\System</Filter>
    </ClInclude>
    <ClInclude Include="..\..\Source\Rendering\Shaders\vaSkybox.hlsl">
      <Filter>Rendering\Shaders</Filter>
    </ClInclude>
    <ClInclude Include="..\..\Source\Rendering\Shaders\vaCanvas.hlsl">
      <Filter>Rendering\Shaders</Filter>
    </ClInclude>
    <ClInclude Include="..\..\Source\Rendering\Shaders\vaGBuffer.hlsl">
      <Filter>Rendering\Shaders</Filter>
    </ClInclude>
    <ClInclude Include="..\..\Source\Rendering\Shaders\vaHelperTools.hlsl">
      <Filter>Rendering\Shaders</Filter>
    </ClInclude>
    <ClInclude Include="..\..\Source\Rendering\Shaders\vaPostProcess.hlsl">
      <Filter>Rendering\Shaders</Filter>
    </ClInclude>
    <ClInclude Include="..\..\Source\Rendering\Shaders\vaPostProcessBlur.hlsl">
      <Filter>Rendering\Shaders</Filter>
    </ClInclude>
    <ClInclude Include="..\..\Source\Rendering\Shaders\vaPostProcessTonemap.hlsl">
      <Filter>Rendering\Shaders</Filter>
    </ClInclude>
    <ClInclude Include="..\..\Source\Rendering\Shaders\vaRenderingShared.hlsl">
      <Filter>Rendering\Shaders</Filter>
    </ClInclude>
    <ClInclude Include="..\..\Source\Rendering\Shaders\vaRenderMesh.hlsl">
      <Filter>Rendering\Shaders</Filter>
    </ClInclude>
    <ClInclude Include="..\..\Source\Rendering\Shaders\vaSimpleParticles.hlsl">
      <Filter>Rendering\Shaders</Filter>
    </ClInclude>
    <ClInclude Include="..\..\Source\Rendering\Shaders\vaSimpleShadowMap.hlsl">
      <Filter>Rendering\Shaders</Filter>
    </ClInclude>
    <ClInclude Include="..\..\Source\Rendering\Shaders\vaSky.hlsl">
      <Filter>Rendering\Shaders</Filter>
    </ClInclude>
    <ClInclude Include="..\..\Source\Rendering\DirectX\d3dx12.h">
      <Filter>Rendering\DirectX</Filter>
    </ClInclude>
    <ClInclude Include="..\..\Source\Rendering\DirectX\vaRenderDeviceContextDX12.h">
      <Filter>Rendering\DirectX</Filter>
    </ClInclude>
    <ClInclude Include="..\..\Source\Rendering\DirectX\vaShaderDX12.h">
      <Filter>Rendering\DirectX</Filter>
    </ClInclude>
    <ClInclude Include="..\..\Source\Rendering\DirectX\vaRenderBuffersDX12.h">
      <Filter>Rendering\DirectX</Filter>
    </ClInclude>
    <ClInclude Include="..\..\Source\Rendering\DirectX\vaTextureDX12.h">
      <Filter>Rendering\DirectX</Filter>
    </ClInclude>
    <ClInclude Include="..\..\Source\Rendering\vaRenderGlobals.h">
      <Filter>Rendering</Filter>
    </ClInclude>
    <ClInclude Include="..\..\Source\Rendering\DirectX\vaGPUTimerDX12.h">
      <Filter>Rendering\DirectX</Filter>
    </ClInclude>
    <ClInclude Include="..\..\Source\Core\vaUI.h">
      <Filter>Core</Filter>
    </ClInclude>
    <ClInclude Include="..\..\Source\Core\Misc\vaXXHash.h">
      <Filter>Core\Misc</Filter>
    </ClInclude>
    <ClInclude Include="..\..\Source\Core\Misc\xxhash.h">
      <Filter>Core\Misc</Filter>
    </ClInclude>
    <ClInclude Include="..\..\Source\Rendering\Shaders\vaASSAOLite_types.h">
      <Filter>Rendering\Shaders</Filter>
    </ClInclude>
    <ClInclude Include="..\..\Source\Rendering\Effects\vaASSAOLite.h">
      <Filter>Rendering\Effects</Filter>
    </ClInclude>
    <ClInclude Include="..\..\Source\Rendering\Shaders\vaASSAOLite.hlsl">
      <Filter>Rendering\Shaders</Filter>
    </ClInclude>
    <ClInclude Include="..\..\Source\Rendering\Effects\vaCMAA2.h">
      <Filter>Rendering\Effects</Filter>
    </ClInclude>
    <ClInclude Include="..\..\Source\Rendering\Effects\vaDepthOfField.h">
      <Filter>Rendering\Effects</Filter>
    </ClInclude>
    <ClInclude Include="..\..\Source\Core\Misc\vaMiniScript.h">
      <Filter>Core\Misc</Filter>
    </ClInclude>
    <ClInclude Include="..\..\Source\Rendering\vaRenderCamera.h">
      <Filter>Rendering</Filter>
    </ClInclude>
    <ClInclude Include="..\..\Source\Rendering\Shaders\vaCMAA2.hlsl">
      <Filter>Rendering\Shaders</Filter>
    </ClInclude>
    <ClInclude Include="..\..\Source\Rendering\Shaders\vaStandardSamplers.hlsl">
      <Filter>Rendering\Shaders</Filter>
    </ClInclude>
    <ClInclude Include="..\..\Source\Rendering\vaIBL.h">
      <Filter>Rendering</Filter>
    </ClInclude>
    <ClInclude Include="..\..\Source\Rendering\Shaders\vaPoissonDisk8.h">
      <Filter>Rendering\Shaders</Filter>
    </ClInclude>
    <ClInclude Include="..\..\Source\Rendering\vaSceneRenderer.h">
      <Filter>Rendering</Filter>
    </ClInclude>
    <ClInclude Include="..\..\Source\Rendering\vaSceneRenderViews.h">
      <Filter>Rendering</Filter>
    </ClInclude>
    <ClInclude Include="..\..\Source\Scene\vaScene.h">
      <Filter>Scene</Filter>
    </ClInclude>
    <ClInclude Include="..\..\Source\Scene\vaSceneComponents.h">
      <Filter>Scene</Filter>
    </ClInclude>
    <ClInclude Include="..\..\Source\Scene\vaSceneSystems.h">
      <Filter>Scene</Filter>
    </ClInclude>
    <ClInclude Include="..\..\Source\Scene\vaSceneComponentsUI.h">
      <Filter>Scene</Filter>
    </ClInclude>
    <ClInclude Include="..\..\Source\Core\Misc\simplexnoise1234.h">
      <Filter>Core\Misc</Filter>
    </ClInclude>
    <ClInclude Include="..\..\Source\Core\vaFramePtr.h">
      <Filter>Core</Filter>
    </ClInclude>
    <ClInclude Include="..\..\Source\Scene\vaSceneTypes.h">
      <Filter>Scene</Filter>
    </ClInclude>
    <ClInclude Include="..\..\Source\Core\vaProfiler.h">
      <Filter>Core</Filter>
    </ClInclude>
    <ClInclude Include="..\..\Source\Core\Misc\stack_container.h">
      <Filter>Core\Misc</Filter>
    </ClInclude>
    <ClInclude Include="..\..\Source\Core\vaContainers.h">
      <Filter>Core</Filter>
    </ClInclude>
    <ClInclude Include="..\..\Source\Core\vaConcurrency.h">
      <Filter>Core</Filter>
    </ClInclude>
    <ClInclude Include="..\..\Source\Scene\vaSceneComponentCore.h">
      <Filter>Scene</Filter>
    </ClInclude>
    <ClInclude Include="..\..\Source\Core\vaSerializer.h">
      <Filter>Core</Filter>
    </ClInclude>
    <ClInclude Include="..\..\Source\Rendering\Shaders\vaDepthOfField.hlsl">
      <Filter>Rendering\Shaders</Filter>
    </ClInclude>
    <ClInclude Include="..\..\Source\Rendering\Shaders\vaShared.hlsl">
      <Filter>Rendering\Shaders</Filter>
    </ClInclude>
    <ClInclude Include="..\..\Source\Rendering\vaSceneRaytracing.h">
      <Filter>Rendering</Filter>
    </ClInclude>
    <ClInclude Include="..\..\Source\Rendering\vaSceneLighting.h">
      <Filter>Rendering</Filter>
    </ClInclude>
    <ClInclude Include="..\..\Source\Rendering\DirectX\vaSceneRaytracingDX12.h">
      <Filter>Rendering\DirectX</Filter>
    </ClInclude>
    <ClInclude Include="..\..\Source\Rendering\DirectX\vaRenderMeshDX12.h">
      <Filter>Rendering\DirectX</Filter>
    </ClInclude>
    <ClInclude Include="..\..\Source\Rendering\vaRenderInstanceList.h">
      <Filter>Rendering</Filter>
    </ClInclude>
    <ClInclude Include="..\..\Source\Rendering\vaSceneRenderInstanceProcessor.h">
      <Filter>Rendering</Filter>
    </ClInclude>
    <ClInclude Include="..\..\Source\Rendering\Shaders\vaConversions.h">
      <Filter>Rendering\Shaders</Filter>
    </ClInclude>
    <ClInclude Include="..\..\Source\Rendering\Shaders\vaHelperToolsShared.h">
      <Filter>Rendering\Shaders</Filter>
    </ClInclude>
    <ClInclude Include="..\..\Source\Rendering\Shaders\vaPostProcessShared.h">
      <Filter>Rendering\Shaders</Filter>
    </ClInclude>
    <ClInclude Include="..\..\Source\Rendering\DirectX\vaRenderMaterialDX12.h">
      <Filter>Rendering\DirectX</Filter>
    </ClInclude>
    <ClInclude Include="..\..\Source\Rendering\Shaders\vaPoissonDisk64.h">
      <Filter>Rendering\Shaders</Filter>
    </ClInclude>
    <ClInclude Include="..\..\Source\Rendering\Shaders\vaPoissonDisk96.h">
      <Filter>Rendering\Shaders</Filter>
    </ClInclude>
    <ClInclude Include="..\..\Source\Rendering\vaPathTracer.h">
      <Filter>Rendering</Filter>
    </ClInclude>
    <ClInclude Include="..\..\Source\Rendering\Shaders\vaPathTracerShared.h">
      <Filter>Rendering\Shaders</Filter>
    </ClInclude>
    <ClInclude Include="..\..\Source\Rendering\Shaders\vaRaytracingShared.h">
      <Filter>Rendering\Shaders</Filter>
    </ClInclude>
    <ClInclude Include="..\..\Source\Rendering\Shaders\vaDebugging.hlsl">
      <Filter>Rendering\Shaders</Filter>
    </ClInclude>
    <ClInclude Include="..\..\Source\Rendering\Shaders\vaNoise.hlsl">
      <Filter>Rendering\Shaders</Filter>
    </ClInclude>
    <ClInclude Include="..\..\Source\Rendering\Shaders\vaPathTracer.hlsl">
      <Filter>Rendering\Shaders</Filter>
    </ClInclude>
    <ClInclude Include="..\..\Source\Rendering\Effects\vaGTAO.h">
      <Filter>Rendering\Effects</Filter>
    </ClInclude>
    <ClInclude Include="..\..\Source\Rendering\Shaders\vaGTAO.hlsl">
      <Filter>Rendering\Shaders</Filter>
    </ClInclude>
    <ClInclude Include="..\..\Source\Rendering\Effects\vaTAA.h">
      <Filter>Rendering\Effects</Filter>
    </ClInclude>
    <ClInclude Include="..\..\Source\Rendering\Shaders\vaTAA.hlsl">
      <Filter>Rendering\Shaders</Filter>
    </ClInclude>
    <ClInclude Include="..\..\Source\Rendering\Shaders\vaTAAShared.h">
      <Filter>Rendering\Shaders</Filter>
    </ClInclude>
    <ClInclude Include="..\..\Source\Rendering\Shaders\IntelTAA.h">
      <Filter>Rendering\Shaders</Filter>
    </ClInclude>
    <ClInclude Include="..\..\Source\Rendering\Shaders\IntelTAA.hlsli">
      <Filter>Rendering\Shaders</Filter>
    </ClInclude>
    <ClInclude Include="..\..\Source\Rendering\Shaders\XeGTAO.h">
      <Filter>Rendering\Shaders</Filter>
    </ClInclude>
    <ClInclude Include="..\..\Source\Core\Platform\WindowsPC\vaSplashScreen.h">
      <Filter>Core\Platform\WindowsPC</Filter>
    </ClInclude>
    <ClInclude Include="..\..\Source\Rendering\Shaders\vaGTAO_RT.hlsl">
      <Filter>Rendering\Shaders</Filter>
    </ClInclude>
    <ClInclude Include="..\..\Source\Scene\vaSceneAsync.h">
      <Filter>Scene</Filter>
    </ClInclude>
    <ClInclude Include="..\..\Source\Rendering\vaGPUSort.h">
      <Filter>Rendering</Filter>
    </ClInclude>
    <ClInclude Include="..\..\Source\Rendering\Shaders\FFX_ParallelSort.h">
      <Filter>Rendering\Shaders</Filter>
    </ClInclude>
    <ClInclude Include="..\..\Source\Rendering\Shaders\vaGPUSort.hlsl">
      <Filter>Rendering\Shaders</Filter>
    </ClInclude>
    <ClInclude Include="..\..\Source\Rendering\Shaders\Materials\vaStandardPBR.hlsl">
      <Filter>Rendering\Shaders\Materials</Filter>
    </ClInclude>
    <ClInclude Include="..\..\Source\Rendering\Shaders\Materials\vaSpecGlossPBR.hlsl">
      <Filter>Rendering\Shaders\Materials</Filter>
    </ClInclude>
    <ClInclude Include="..\..\Source\Rendering\Shaders\vaGeometryInteraction.hlsl">
      <Filter>Rendering\Shaders</Filter>
    </ClInclude>
    <ClInclude Include="..\..\Source\Rendering\Shaders\Materials\vaMaterialInteraction.hlsl">
      <Filter>Rendering\Shaders\Materials</Filter>
    </ClInclude>
    <ClInclude Include="..\..\Source\Rendering\Shaders\Materials\vaMaterialLoaders.hlsl">
      <Filter>Rendering\Shaders\Materials</Filter>
    </ClInclude>
    <ClInclude Include="..\..\Source\Rendering\Shaders\Materials\vaRenderMaterial.hlsl">
      <Filter>Rendering\Shaders\Materials</Filter>
    </ClInclude>
    <ClInclude Include="..\..\Source\Rendering\Shaders\Lighting\vaLightingShared.h">
      <Filter>Rendering\Shaders\Lighting</Filter>
    </ClInclude>
    <ClInclude Include="..\..\Source\Rendering\Shaders\Lighting\vaIBLShared.h">
      <Filter>Rendering\Shaders\Lighting</Filter>
    </ClInclude>
    <ClInclude Include="..\..\Source\Rendering\Shaders\Lighting\vaIBL.hlsl">
      <Filter>Rendering\Shaders\Lighting</Filter>
    </ClInclude>
    <ClInclude Include="..\..\Source\Rendering\Shaders\Lighting\vaLighting.hlsl">
      <Filter>Rendering\Shaders\Lighting</Filter>
    </ClInclude>
    <ClInclude Include="..\..\Source\Rendering\vaSceneMainRenderView.h">
      <Filter>Rendering</Filter>
    </ClInclude>
    <ClInclude Include="..\..\Source\Rendering\vaPathTracerDenoisers.h">
      <Filter>Rendering</Filter>
    </ClInclude>
    <ClInclude Include="..\..\Source\Rendering\Shaders\vaMisc.hlsl">
      <Filter>Rendering\Shaders</Filter>
    </ClInclude>
  </ItemGroup>
  <ItemGroup>
    <None Include="..\..\Source\Core\vaGeometry.inl">
      <Filter>Core</Filter>
    </None>
    <None Include="..\..\Source\Core\Platform\WindowsPC\System\vaPlatformSystemTimer.inl">
      <Filter>Core\Platform\WindowsPC\System</Filter>
    </None>
    <None Include="..\..\Source\Rendering\Shaders\filament\dithering.fs">
      <Filter>Rendering\Shaders\Filament</Filter>
    </None>
    <None Include="..\..\Source\Rendering\Shaders\Filament\ambient_occlusion.va.fs">
      <Filter>Rendering\Shaders\Filament</Filter>
    </None>
    <None Include="..\..\Source\Rendering\Shaders\Filament\brdf.va.fs">
      <Filter>Rendering\Shaders\Filament</Filter>
    </None>
    <None Include="..\..\Source\Rendering\Shaders\Filament\shading_model_cloth.va.fs">
      <Filter>Rendering\Shaders\Filament</Filter>
    </None>
    <None Include="..\..\Source\Rendering\Shaders\Filament\shading_model_standard.va.fs">
      <Filter>Rendering\Shaders\Filament</Filter>
    </None>
    <None Include="..\..\Source\Rendering\Shaders\Filament\shading_model_subsurface.va.fs">
      <Filter>Rendering\Shaders\Filament</Filter>
    </None>
    <None Include="..\..\Source\Rendering\Shaders\Filament\light_indirect.va.fs">
      <Filter>Rendering\Shaders\Filament</Filter>
    </None>
    <None Include="..\..\Source\Core\vaSerializer.inl">
      <Filter>Core</Filter>
    </None>
    <None Include="..\..\Source\vaDocumentation.md" />
    <None Include="..\..\Source\Rendering\Shaders\XeGTAO.hlsli">
      <Filter>Rendering\Shaders</Filter>
    </None>
    <None Include="..\..\Source\Rendering\Shaders\vaTonemappers.hlsli">
      <Filter>Rendering\Shaders</Filter>
    </None>
    <None Include="..\..\Source\Rendering\Shaders\Materials\vaMaterialShared.hlsli">
      <Filter>Rendering\Shaders\Materials</Filter>
    </None>
    <None Include="..\..\Source\Rendering\Shaders\Filament\fog.fs">
      <Filter>Rendering\Shaders\Filament</Filter>
    </None>
    <None Include="..\..\Source\Rendering\Shaders\Lighting\vaPointLight.hlsli">
      <Filter>Rendering\Shaders\Lighting</Filter>
    </None>
  </ItemGroup>
  <ItemGroup>
    <Text Include="..\..\Source\vaTODO.txt" />
    <Text Include="..\..\Source\vaReferences.txt" />
  </ItemGroup>
</Project>